
Microsoft Visual Studio Solution File, Format Version 12.00
# Visual Studio 15
VisualStudioVersion = 15.0.28010.2016
MinimumVisualStudioVersion = 10.0.40219.1
Project("{FAE04EC0-301F-11D3-BF4B-00C04F79EFBC}") = "git1", "git1\git1.csproj", "{70926E95-AC5D-479A-A00B-CC691581EF02}"
EndProject
Global
	GlobalSection(SolutionConfigurationPlatforms) = preSolution
		Debug|Any CPU = Debug|Any CPU
		Release|Any CPU = Release|Any CPU
	EndGlobalSection
	GlobalSection(ProjectConfigurationPlatforms) = postSolution
		{70926E95-AC5D-479A-A00B-CC691581EF02}.Debug|Any CPU.ActiveCfg = Debug|Any CPU
		{70926E95-AC5D-479A-A00B-CC691581EF02}.Debug|Any CPU.Build.0 = Debug|Any CPU
		{70926E95-AC5D-479A-A00B-CC691581EF02}.Release|Any CPU.ActiveCfg = Release|Any CPU
		{70926E95-AC5D-479A-A00B-CC691581EF02}.Release|Any CPU.Build.0 = Release|Any CPU
	EndGlobalSection
	GlobalSection(SolutionProperties) = preSolution
		HideSolutionNode = FALSE
	EndGlobalSection
	GlobalSection(ExtensibilityGlobals) = postSolution
		SolutionGuid = {05FA9ABA-6692-4611-B8DC-B38CB04CB8FA}
	EndGlobalSection
EndGlobal
